
Microsoft Visual Studio Solution File, Format Version 12.00
# Visual Studio Version 17
VisualStudioVersion = 17.7.34024.191
MinimumVisualStudioVersion = 10.0.40219.1
Project("{FAE04EC0-301F-11D3-BF4B-00C04F79EFBC}") = "BusyMan", "BusyMan\BusyMan.csproj", "{43A94D21-0AF5-4F7D-9247-BD82B9A9DA7C}"
EndProject
Global
	GlobalSection(SolutionConfigurationPlatforms) = preSolution
		Debug|Any CPU = Debug|Any CPU
		Release|Any CPU = Release|Any CPU
	EndGlobalSection
	GlobalSection(ProjectConfigurationPlatforms) = postSolution
		{43A94D21-0AF5-4F7D-9247-BD82B9A9DA7C}.Debug|Any CPU.ActiveCfg = Debug|Any CPU
		{43A94D21-0AF5-4F7D-9247-BD82B9A9DA7C}.Debug|Any CPU.Build.0 = Debug|Any CPU
		{43A94D21-0AF5-4F7D-9247-BD82B9A9DA7C}.Release|Any CPU.ActiveCfg = Release|Any CPU
		{43A94D21-0AF5-4F7D-9247-BD82B9A9DA7C}.Release|Any CPU.Build.0 = Release|Any CPU
	EndGlobalSection
	GlobalSection(SolutionProperties) = preSolution
		HideSolutionNode = FALSE
	EndGlobalSection
	GlobalSection(ExtensibilityGlobals) = postSolution
		SolutionGuid = {D8AB6773-0489-4CF7-A42F-99886198F148}
	EndGlobalSection
EndGlobal
